// !$*UTF8*$!
{
	archiveVersion = 1;
	classes = {
	};
	objectVersion = 48;
	objects = {

/* Begin PBXBuildFile section */
		8136B9CA2014D13A003894DB /* ShoppingCart.swift in Sources */ = {isa = PBXBuildFile; fileRef = 8136B9C92014D13A003894DB /* ShoppingCart.swift */; };
		8136B9CE20162DC5003894DB /* CartCollectionViewCell.swift in Sources */ = {isa = PBXBuildFile; fileRef = 8136B9CD20162DC5003894DB /* CartCollectionViewCell.swift */; };
		813D0D62201484F500A10AE1 /* extensions.swift in Sources */ = {isa = PBXBuildFile; fileRef = 813D0D61201484F500A10AE1 /* extensions.swift */; };
		813D0D64201490F600A10AE1 /* Assets.xcassets in Resources */ = {isa = PBXBuildFile; fileRef = 813D0D63201490F600A10AE1 /* Assets.xcassets */; };
		814010891FE6A11E007695E8 /* UIScrollViewController.swift in Sources */ = {isa = PBXBuildFile; fileRef = 814010881FE6A11E007695E8 /* UIScrollViewController.swift */; };
		814010C11FE907CF007695E8 /* QueryService.swift in Sources */ = {isa = PBXBuildFile; fileRef = 814010C01FE907CF007695E8 /* QueryService.swift */; };
		8149CFB0201086F2005DF6C9 /* ProductTableViewCell.swift in Sources */ = {isa = PBXBuildFile; fileRef = 8149CFAE201086F2005DF6C9 /* ProductTableViewCell.swift */; };
		8149CFB1201086F2005DF6C9 /* ProductTableViewCell.xib in Resources */ = {isa = PBXBuildFile; fileRef = 8149CFAF201086F2005DF6C9 /* ProductTableViewCell.xib */; };
		814DE1A92013369B00C8015A /* Auth.swift in Sources */ = {isa = PBXBuildFile; fileRef = 814DE1A82013369B00C8015A /* Auth.swift */; };
		8162F4CC200F8E6A006E3387 /* Product.swift in Sources */ = {isa = PBXBuildFile; fileRef = 8162F4CB200F8E6A006E3387 /* Product.swift */; };
		81760A0F1FDEC72700A3BF66 /* CartViewController.swift in Sources */ = {isa = PBXBuildFile; fileRef = 81760A0E1FDEC72700A3BF66 /* CartViewController.swift */; };
		819758931FD6ACE100D802F2 /* AppDelegate.swift in Sources */ = {isa = PBXBuildFile; fileRef = 819758921FD6ACE100D802F2 /* AppDelegate.swift */; };
		819758951FD6ACE100D802F2 /* LoginViewController.swift in Sources */ = {isa = PBXBuildFile; fileRef = 819758941FD6ACE100D802F2 /* LoginViewController.swift */; };
		819758981FD6ACE100D802F2 /* Main.storyboard in Resources */ = {isa = PBXBuildFile; fileRef = 819758961FD6ACE100D802F2 /* Main.storyboard */; };
		8197589D1FD6ACE100D802F2 /* LaunchScreen.storyboard in Resources */ = {isa = PBXBuildFile; fileRef = 8197589B1FD6ACE100D802F2 /* LaunchScreen.storyboard */; };
		819758A61FD70D5000D802F2 /* CatalogViewController.swift in Sources */ = {isa = PBXBuildFile; fileRef = 819758A51FD70D5000D802F2 /* CatalogViewController.swift */; };
		819758A91FD8078B00D802F2 /* SignUpViewController.swift in Sources */ = {isa = PBXBuildFile; fileRef = 819758A71FD8078B00D802F2 /* SignUpViewController.swift */; };
		819758D41FD99C5E00D802F2 /* topShop.xcdatamodeld in Sources */ = {isa = PBXBuildFile; fileRef = 819758D21FD99C5E00D802F2 /* topShop.xcdatamodeld */; };
		FCB2435D17440017E6A2D647 /* Pods_TopShop.framework in Frameworks */ = {isa = PBXBuildFile; fileRef = 5E8ED90229346603E50B09BA /* Pods_TopShop.framework */; };
/* End PBXBuildFile section */

/* Begin PBXFileReference section */
		1FD57B2DE786078032E1C2BC /* Pods-TopShop.release.xcconfig */ = {isa = PBXFileReference; includeInIndex = 1; lastKnownFileType = text.xcconfig; name = "Pods-TopShop.release.xcconfig"; path = "Pods/Target Support Files/Pods-TopShop/Pods-TopShop.release.xcconfig"; sourceTree = "<group>"; };
		5E8ED90229346603E50B09BA /* Pods_TopShop.framework */ = {isa = PBXFileReference; explicitFileType = wrapper.framework; includeInIndex = 0; path = Pods_TopShop.framework; sourceTree = BUILT_PRODUCTS_DIR; };
		786B67075E62253E0123DB8E /* Pods-TopShop.debug.xcconfig */ = {isa = PBXFileReference; includeInIndex = 1; lastKnownFileType = text.xcconfig; name = "Pods-TopShop.debug.xcconfig"; path = "Pods/Target Support Files/Pods-TopShop/Pods-TopShop.debug.xcconfig"; sourceTree = "<group>"; };
		8136B9C92014D13A003894DB /* ShoppingCart.swift */ = {isa = PBXFileReference; lastKnownFileType = sourcecode.swift; path = ShoppingCart.swift; sourceTree = "<group>"; };
		8136B9CD20162DC5003894DB /* CartCollectionViewCell.swift */ = {isa = PBXFileReference; lastKnownFileType = sourcecode.swift; path = CartCollectionViewCell.swift; sourceTree = "<group>"; };
		813D0D61201484F500A10AE1 /* extensions.swift */ = {isa = PBXFileReference; lastKnownFileType = sourcecode.swift; path = extensions.swift; sourceTree = "<group>"; };
		813D0D63201490F600A10AE1 /* Assets.xcassets */ = {isa = PBXFileReference; lastKnownFileType = folder.assetcatalog; path = Assets.xcassets; sourceTree = "<group>"; };
		814010881FE6A11E007695E8 /* UIScrollViewController.swift */ = {isa = PBXFileReference; lastKnownFileType = sourcecode.swift; path = UIScrollViewController.swift; sourceTree = "<group>"; };
		814010C01FE907CF007695E8 /* QueryService.swift */ = {isa = PBXFileReference; lastKnownFileType = sourcecode.swift; path = QueryService.swift; sourceTree = "<group>"; };
		8149CFAE201086F2005DF6C9 /* ProductTableViewCell.swift */ = {isa = PBXFileReference; lastKnownFileType = sourcecode.swift; path = ProductTableViewCell.swift; sourceTree = "<group>"; };
		8149CFAF201086F2005DF6C9 /* ProductTableViewCell.xib */ = {isa = PBXFileReference; lastKnownFileType = file.xib; path = ProductTableViewCell.xib; sourceTree = "<group>"; };
		814DE1A82013369B00C8015A /* Auth.swift */ = {isa = PBXFileReference; lastKnownFileType = sourcecode.swift; path = Auth.swift; sourceTree = "<group>"; };
		8162F4CB200F8E6A006E3387 /* Product.swift */ = {isa = PBXFileReference; lastKnownFileType = sourcecode.swift; path = Product.swift; sourceTree = "<group>"; };
		81760A0E1FDEC72700A3BF66 /* CartViewController.swift */ = {isa = PBXFileReference; lastKnownFileType = sourcecode.swift; path = CartViewController.swift; sourceTree = "<group>"; };
		8197588F1FD6ACE100D802F2 /* TopShop.app */ = {isa = PBXFileReference; explicitFileType = wrapper.application; includeInIndex = 0; path = TopShop.app; sourceTree = BUILT_PRODUCTS_DIR; };
		819758921FD6ACE100D802F2 /* AppDelegate.swift */ = {isa = PBXFileReference; lastKnownFileType = sourcecode.swift; path = AppDelegate.swift; sourceTree = "<group>"; };
		819758941FD6ACE100D802F2 /* LoginViewController.swift */ = {isa = PBXFileReference; lastKnownFileType = sourcecode.swift; path = LoginViewController.swift; sourceTree = "<group>"; };
		819758971FD6ACE100D802F2 /* Base */ = {isa = PBXFileReference; lastKnownFileType = file.storyboard; name = Base; path = Base.lproj/Main.storyboard; sourceTree = "<group>"; };
		8197589C1FD6ACE100D802F2 /* Base */ = {isa = PBXFileReference; lastKnownFileType = file.storyboard; name = Base; path = Base.lproj/LaunchScreen.storyboard; sourceTree = "<group>"; };
		8197589E1FD6ACE100D802F2 /* Info.plist */ = {isa = PBXFileReference; lastKnownFileType = text.plist.xml; path = Info.plist; sourceTree = "<group>"; };
		819758A51FD70D5000D802F2 /* CatalogViewController.swift */ = {isa = PBXFileReference; lastKnownFileType = sourcecode.swift; path = CatalogViewController.swift; sourceTree = "<group>"; };
		819758A71FD8078B00D802F2 /* SignUpViewController.swift */ = {isa = PBXFileReference; lastKnownFileType = sourcecode.swift; path = SignUpViewController.swift; sourceTree = "<group>"; };
		819758D31FD99C5E00D802F2 /* topShop.xcdatamodel */ = {isa = PBXFileReference; lastKnownFileType = wrapper.xcdatamodel; path = topShop.xcdatamodel; sourceTree = "<group>"; };
/* End PBXFileReference section */

/* Begin PBXFrameworksBuildPhase section */
		8197588C1FD6ACE100D802F2 /* Frameworks */ = {
			isa = PBXFrameworksBuildPhase;
			buildActionMask = 2147483647;
			files = (
				FCB2435D17440017E6A2D647 /* Pods_TopShop.framework in Frameworks */,
			);
			runOnlyForDeploymentPostprocessing = 0;
		};
/* End PBXFrameworksBuildPhase section */

/* Begin PBXGroup section */
		612D2DC54C587ED2BCE870C3 /* Frameworks */ = {
			isa = PBXGroup;
			children = (
				5E8ED90229346603E50B09BA /* Pods_TopShop.framework */,
			);
			name = Frameworks;
			sourceTree = "<group>";
		};
		811E52C51FEA44E40062517C /* Extensions */ = {
			isa = PBXGroup;
			children = (
				814010881FE6A11E007695E8 /* UIScrollViewController.swift */,
				813D0D61201484F500A10AE1 /* extensions.swift */,
			);
			path = Extensions;
			sourceTree = "<group>";
		};
		8136B9CB20161A8A003894DB /* View */ = {
			isa = PBXGroup;
			children = (
				8149CFAF201086F2005DF6C9 /* ProductTableViewCell.xib */,
				8149CFAE201086F2005DF6C9 /* ProductTableViewCell.swift */,
				8136B9CD20162DC5003894DB /* CartCollectionViewCell.swift */,
			);
			path = View;
			sourceTree = "<group>";
		};
		8136B9CC20161AB1003894DB /* Storyboards */ = {
			isa = PBXGroup;
			children = (
				819758961FD6ACE100D802F2 /* Main.storyboard */,
				8197589B1FD6ACE100D802F2 /* LaunchScreen.storyboard */,
			);
			path = Storyboards;
			sourceTree = "<group>";
		};
		819758861FD6ACE100D802F2 = {
			isa = PBXGroup;
			children = (
				819758D21FD99C5E00D802F2 /* topShop.xcdatamodeld */,
				819758911FD6ACE100D802F2 /* TopShop */,
				819758901FD6ACE100D802F2 /* Products */,
				F594D3536D0C88C5A6BD633C /* Pods */,
				612D2DC54C587ED2BCE870C3 /* Frameworks */,
			);
			sourceTree = "<group>";
		};
		819758901FD6ACE100D802F2 /* Products */ = {
			isa = PBXGroup;
			children = (
				8197588F1FD6ACE100D802F2 /* TopShop.app */,
			);
			name = Products;
			sourceTree = "<group>";
		};
		819758911FD6ACE100D802F2 /* TopShop */ = {
			isa = PBXGroup;
			children = (
				819758AC1FD80F1000D802F2 /* Model */,
				8136B9CB20161A8A003894DB /* View */,
				819758AB1FD80EF500D802F2 /* Controllers */,
				8136B9CC20161AB1003894DB /* Storyboards */,
				819758A41FD6C51900D802F2 /* SupportingFiles */,
				811E52C51FEA44E40062517C /* Extensions */,
				8197589E1FD6ACE100D802F2 /* Info.plist */,
			);
			path = TopShop;
			sourceTree = "<group>";
		};
		819758A41FD6C51900D802F2 /* SupportingFiles */ = {
			isa = PBXGroup;
			children = (
				819758921FD6ACE100D802F2 /* AppDelegate.swift */,
				813D0D63201490F600A10AE1 /* Assets.xcassets */,
			);
			path = SupportingFiles;
			sourceTree = "<group>";
		};
		819758AB1FD80EF500D802F2 /* Controllers */ = {
			isa = PBXGroup;
			children = (
				819758941FD6ACE100D802F2 /* LoginViewController.swift */,
				819758A71FD8078B00D802F2 /* SignUpViewController.swift */,
				819758A51FD70D5000D802F2 /* CatalogViewController.swift */,
				81760A0E1FDEC72700A3BF66 /* CartViewController.swift */,
			);
			path = Controllers;
			sourceTree = "<group>";
		};
		819758AC1FD80F1000D802F2 /* Model */ = {
			isa = PBXGroup;
			children = (
				814010C01FE907CF007695E8 /* QueryService.swift */,
				8162F4CB200F8E6A006E3387 /* Product.swift */,
				814DE1A82013369B00C8015A /* Auth.swift */,
				8136B9C92014D13A003894DB /* ShoppingCart.swift */,
			);
			path = Model;
			sourceTree = "<group>";
		};
		F594D3536D0C88C5A6BD633C /* Pods */ = {
			isa = PBXGroup;
			children = (
				786B67075E62253E0123DB8E /* Pods-TopShop.debug.xcconfig */,
				1FD57B2DE786078032E1C2BC /* Pods-TopShop.release.xcconfig */,
			);
			name = Pods;
			sourceTree = "<group>";
		};
/* End PBXGroup section */

/* Begin PBXNativeTarget section */
		8197588E1FD6ACE100D802F2 /* TopShop */ = {
			isa = PBXNativeTarget;
			buildConfigurationList = 819758A11FD6ACE100D802F2 /* Build configuration list for PBXNativeTarget "TopShop" */;
			buildPhases = (
				E7483940E39E38393FD56029 /* [CP] Check Pods Manifest.lock */,
				8197588B1FD6ACE100D802F2 /* Sources */,
				8197588C1FD6ACE100D802F2 /* Frameworks */,
				8197588D1FD6ACE100D802F2 /* Resources */,
				73CBE9CEB64F187720F22029 /* [CP] Embed Pods Frameworks */,
				E22B384B29903D64C0E08B21 /* [CP] Copy Pods Resources */,
			);
			buildRules = (
			);
			dependencies = (
			);
			name = TopShop;
			productName = TopShop;
			productReference = 8197588F1FD6ACE100D802F2 /* TopShop.app */;
			productType = "com.apple.product-type.application";
		};
/* End PBXNativeTarget section */

/* Begin PBXProject section */
		819758871FD6ACE100D802F2 /* Project object */ = {
			isa = PBXProject;
			attributes = {
				LastSwiftUpdateCheck = 0900;
				LastUpgradeCheck = 0900;
				ORGANIZATIONNAME = Micky;
				TargetAttributes = {
					8197588E1FD6ACE100D802F2 = {
						CreatedOnToolsVersion = 9.0.1;
						ProvisioningStyle = Automatic;
					};
				};
			};
			buildConfigurationList = 8197588A1FD6ACE100D802F2 /* Build configuration list for PBXProject "TopShop" */;
			compatibilityVersion = "Xcode 8.0";
			developmentRegion = en;
			hasScannedForEncodings = 0;
			knownRegions = (
				en,
				Base,
			);
			mainGroup = 819758861FD6ACE100D802F2;
			productRefGroup = 819758901FD6ACE100D802F2 /* Products */;
			projectDirPath = "";
			projectRoot = "";
			targets = (
				8197588E1FD6ACE100D802F2 /* TopShop */,
			);
		};
/* End PBXProject section */

/* Begin PBXResourcesBuildPhase section */
		8197588D1FD6ACE100D802F2 /* Resources */ = {
			isa = PBXResourcesBuildPhase;
			buildActionMask = 2147483647;
			files = (
				8197589D1FD6ACE100D802F2 /* LaunchScreen.storyboard in Resources */,
				8149CFB1201086F2005DF6C9 /* ProductTableViewCell.xib in Resources */,
				813D0D64201490F600A10AE1 /* Assets.xcassets in Resources */,
				819758981FD6ACE100D802F2 /* Main.storyboard in Resources */,
			);
			runOnlyForDeploymentPostprocessing = 0;
		};
/* End PBXResourcesBuildPhase section */

/* Begin PBXShellScriptBuildPhase section */
		73CBE9CEB64F187720F22029 /* [CP] Embed Pods Frameworks */ = {
			isa = PBXShellScriptBuildPhase;
			buildActionMask = 2147483647;
			files = (
			);
			inputPaths = (
				"${SRCROOT}/Pods/Target Support Files/Pods-TopShop/Pods-TopShop-frameworks.sh",
				"${BUILT_PRODUCTS_DIR}/Alamofire/Alamofire.framework",
				"${BUILT_PRODUCTS_DIR}/HandyJSON/HandyJSON.framework",
				"${BUILT_PRODUCTS_DIR}/Kingfisher/Kingfisher.framework",
			);
			name = "[CP] Embed Pods Frameworks";
			outputPaths = (
				"${TARGET_BUILD_DIR}/${FRAMEWORKS_FOLDER_PATH}/Alamofire.framework",
				"${TARGET_BUILD_DIR}/${FRAMEWORKS_FOLDER_PATH}/HandyJSON.framework",
				"${TARGET_BUILD_DIR}/${FRAMEWORKS_FOLDER_PATH}/Kingfisher.framework",
			);
			runOnlyForDeploymentPostprocessing = 0;
			shellPath = /bin/sh;
			shellScript = "\"${SRCROOT}/Pods/Target Support Files/Pods-TopShop/Pods-TopShop-frameworks.sh\"\n";
			showEnvVarsInLog = 0;
		};
		E22B384B29903D64C0E08B21 /* [CP] Copy Pods Resources */ = {
			isa = PBXShellScriptBuildPhase;
			buildActionMask = 2147483647;
			files = (
			);
			inputPaths = (
			);
			name = "[CP] Copy Pods Resources";
			outputPaths = (
			);
			runOnlyForDeploymentPostprocessing = 0;
			shellPath = /bin/sh;
			shellScript = "\"${SRCROOT}/Pods/Target Support Files/Pods-TopShop/Pods-TopShop-resources.sh\"\n";
			showEnvVarsInLog = 0;
		};
		E7483940E39E38393FD56029 /* [CP] Check Pods Manifest.lock */ = {
			isa = PBXShellScriptBuildPhase;
			buildActionMask = 2147483647;
			files = (
			);
			inputPaths = (
				"${PODS_PODFILE_DIR_PATH}/Podfile.lock",
				"${PODS_ROOT}/Manifest.lock",
			);
			name = "[CP] Check Pods Manifest.lock";
			outputPaths = (
				"$(DERIVED_FILE_DIR)/Pods-TopShop-checkManifestLockResult.txt",
			);
			runOnlyForDeploymentPostprocessing = 0;
			shellPath = /bin/sh;
			shellScript = "diff \"${PODS_PODFILE_DIR_PATH}/Podfile.lock\" \"${PODS_ROOT}/Manifest.lock\" > /dev/null\nif [ $? != 0 ] ; then\n    # print error to STDERR\n    echo \"error: The sandbox is not in sync with the Podfile.lock. Run 'pod install' or update your CocoaPods installation.\" >&2\n    exit 1\nfi\n# This output is used by Xcode 'outputs' to avoid re-running this script phase.\necho \"SUCCESS\" > \"${SCRIPT_OUTPUT_FILE_0}\"\n";
			showEnvVarsInLog = 0;
		};
/* End PBXShellScriptBuildPhase section */

/* Begin PBXSourcesBuildPhase section */
		8197588B1FD6ACE100D802F2 /* Sources */ = {
			isa = PBXSourcesBuildPhase;
			buildActionMask = 2147483647;
			files = (
				814DE1A92013369B00C8015A /* Auth.swift in Sources */,
				819758A61FD70D5000D802F2 /* CatalogViewController.swift in Sources */,
				819758951FD6ACE100D802F2 /* LoginViewController.swift in Sources */,
				819758A91FD8078B00D802F2 /* SignUpViewController.swift in Sources */,
				814010C11FE907CF007695E8 /* QueryService.swift in Sources */,
				819758D41FD99C5E00D802F2 /* topShop.xcdatamodeld in Sources */,
				8149CFB0201086F2005DF6C9 /* ProductTableViewCell.swift in Sources */,
				8162F4CC200F8E6A006E3387 /* Product.swift in Sources */,
				8136B9CE20162DC5003894DB /* CartCollectionViewCell.swift in Sources */,
				814010891FE6A11E007695E8 /* UIScrollViewController.swift in Sources */,
				81760A0F1FDEC72700A3BF66 /* CartViewController.swift in Sources */,
				8136B9CA2014D13A003894DB /* ShoppingCart.swift in Sources */,
				819758931FD6ACE100D802F2 /* AppDelegate.swift in Sources */,
				813D0D62201484F500A10AE1 /* extensions.swift in Sources */,
			);
			runOnlyForDeploymentPostprocessing = 0;
		};
/* End PBXSourcesBuildPhase section */

/* Begin PBXVariantGroup section */
		819758961FD6ACE100D802F2 /* Main.storyboard */ = {
			isa = PBXVariantGroup;
			children = (
				819758971FD6ACE100D802F2 /* Base */,
			);
			name = Main.storyboard;
			sourceTree = "<group>";
		};
		8197589B1FD6ACE100D802F2 /* LaunchScreen.storyboard */ = {
			isa = PBXVariantGroup;
			children = (
				8197589C1FD6ACE100D802F2 /* Base */,
			);
			name = LaunchScreen.storyboard;
			sourceTree = "<group>";
		};
/* End PBXVariantGroup section */

/* Begin XCBuildConfiguration section */
		8197589F1FD6ACE100D802F2 /* Debug */ = {
			isa = XCBuildConfiguration;
			buildSettings = {
				ALWAYS_SEARCH_USER_PATHS = NO;
				CLANG_ANALYZER_NONNULL = YES;
				CLANG_ANALYZER_NUMBER_OBJECT_CONVERSION = YES_AGGRESSIVE;
				CLANG_CXX_LANGUAGE_STANDARD = "gnu++14";
				CLANG_CXX_LIBRARY = "libc++";
				CLANG_ENABLE_MODULES = YES;
				CLANG_ENABLE_OBJC_ARC = YES;
				CLANG_WARN_BLOCK_CAPTURE_AUTORELEASING = YES;
				CLANG_WARN_BOOL_CONVERSION = YES;
				CLANG_WARN_COMMA = YES;
				CLANG_WARN_CONSTANT_CONVERSION = YES;
				CLANG_WARN_DIRECT_OBJC_ISA_USAGE = YES_ERROR;
				CLANG_WARN_DOCUMENTATION_COMMENTS = YES;
				CLANG_WARN_EMPTY_BODY = YES;
				CLANG_WARN_ENUM_CONVERSION = YES;
				CLANG_WARN_INFINITE_RECURSION = YES;
				CLANG_WARN_INT_CONVERSION = YES;
				CLANG_WARN_NON_LITERAL_NULL_CONVERSION = YES;
				CLANG_WARN_OBJC_LITERAL_CONVERSION = YES;
				CLANG_WARN_OBJC_ROOT_CLASS = YES_ERROR;
				CLANG_WARN_RANGE_LOOP_ANALYSIS = YES;
				CLANG_WARN_STRICT_PROTOTYPES = YES;
				CLANG_WARN_SUSPICIOUS_MOVE = YES;
				CLANG_WARN_UNGUARDED_AVAILABILITY = YES_AGGRESSIVE;
				CLANG_WARN_UNREACHABLE_CODE = YES;
				CLANG_WARN__DUPLICATE_METHOD_MATCH = YES;
				CODE_SIGN_IDENTITY = "iPhone Developer";
				COPY_PHASE_STRIP = NO;
				DEBUG_INFORMATION_FORMAT = dwarf;
				ENABLE_STRICT_OBJC_MSGSEND = YES;
				ENABLE_TESTABILITY = YES;
				GCC_C_LANGUAGE_STANDARD = gnu11;
				GCC_DYNAMIC_NO_PIC = NO;
				GCC_NO_COMMON_BLOCKS = YES;
				GCC_OPTIMIZATION_LEVEL = 0;
				GCC_PREPROCESSOR_DEFINITIONS = (
					"DEBUG=1",
					"$(inherited)",
				);
				GCC_WARN_64_TO_32_BIT_CONVERSION = YES;
				GCC_WARN_ABOUT_RETURN_TYPE = YES_ERROR;
				GCC_WARN_UNDECLARED_SELECTOR = YES;
				GCC_WARN_UNINITIALIZED_AUTOS = YES_AGGRESSIVE;
				GCC_WARN_UNUSED_FUNCTION = YES;
				GCC_WARN_UNUSED_VARIABLE = YES;
				IPHONEOS_DEPLOYMENT_TARGET = 11.0;
				MTL_ENABLE_DEBUG_INFO = YES;
				ONLY_ACTIVE_ARCH = YES;
				SDKROOT = iphoneos;
				SWIFT_ACTIVE_COMPILATION_CONDITIONS = DEBUG;
				SWIFT_OPTIMIZATION_LEVEL = "-Onone";
			};
			name = Debug;
		};
		819758A01FD6ACE100D802F2 /* Release */ = {
			isa = XCBuildConfiguration;
			buildSettings = {
				ALWAYS_SEARCH_USER_PATHS = NO;
				CLANG_ANALYZER_NONNULL = YES;
				CLANG_ANALYZER_NUMBER_OBJECT_CONVERSION = YES_AGGRESSIVE;
				CLANG_CXX_LANGUAGE_STANDARD = "gnu++14";
				CLANG_CXX_LIBRARY = "libc++";
				CLANG_ENABLE_MODULES = YES;
				CLANG_ENABLE_OBJC_ARC = YES;
				CLANG_WARN_BLOCK_CAPTURE_AUTORELEASING = YES;
				CLANG_WARN_BOOL_CONVERSION = YES;
				CLANG_WARN_COMMA = YES;
				CLANG_WARN_CONSTANT_CONVERSION = YES;
				CLANG_WARN_DIRECT_OBJC_ISA_USAGE = YES_ERROR;
				CLANG_WARN_DOCUMENTATION_COMMENTS = YES;
				CLANG_WARN_EMPTY_BODY = YES;
				CLANG_WARN_ENUM_CONVERSION = YES;
				CLANG_WARN_INFINITE_RECURSION = YES;
				CLANG_WARN_INT_CONVERSION = YES;
				CLANG_WARN_NON_LITERAL_NULL_CONVERSION = YES;
				CLANG_WARN_OBJC_LITERAL_CONVERSION = YES;
				CLANG_WARN_OBJC_ROOT_CLASS = YES_ERROR;
				CLANG_WARN_RANGE_LOOP_ANALYSIS = YES;
				CLANG_WARN_STRICT_PROTOTYPES = YES;
				CLANG_WARN_SUSPICIOUS_MOVE = YES;
				CLANG_WARN_UNGUARDED_AVAILABILITY = YES_AGGRESSIVE;
				CLANG_WARN_UNREACHABLE_CODE = YES;
				CLANG_WARN__DUPLICATE_METHOD_MATCH = YES;
				CODE_SIGN_IDENTITY = "iPhone Developer";
				COPY_PHASE_STRIP = NO;
				DEBUG_INFORMATION_FORMAT = "dwarf-with-dsym";
				ENABLE_NS_ASSERTIONS = NO;
				ENABLE_STRICT_OBJC_MSGSEND = YES;
				GCC_C_LANGUAGE_STANDARD = gnu11;
				GCC_NO_COMMON_BLOCKS = YES;
				GCC_WARN_64_TO_32_BIT_CONVERSION = YES;
				GCC_WARN_ABOUT_RETURN_TYPE = YES_ERROR;
				GCC_WARN_UNDECLARED_SELECTOR = YES;
				GCC_WARN_UNINITIALIZED_AUTOS = YES_AGGRESSIVE;
				GCC_WARN_UNUSED_FUNCTION = YES;
				GCC_WARN_UNUSED_VARIABLE = YES;
				IPHONEOS_DEPLOYMENT_TARGET = 11.0;
				MTL_ENABLE_DEBUG_INFO = NO;
				SDKROOT = iphoneos;
				SWIFT_OPTIMIZATION_LEVEL = "-Owholemodule";
				VALIDATE_PRODUCT = YES;
			};
			name = Release;
		};
		819758A21FD6ACE100D802F2 /* Debug */ = {
			isa = XCBuildConfiguration;
			baseConfigurationReference = 786B67075E62253E0123DB8E /* Pods-TopShop.debug.xcconfig */;
			buildSettings = {
				ASSETCATALOG_COMPILER_APPICON_NAME = AppIcon;
				CODE_SIGN_STYLE = Automatic;
				INFOPLIST_FILE = TopShop/Info.plist;
				LD_RUNPATH_SEARCH_PATHS = "$(inherited) @executable_path/Frameworks";
				PRODUCT_BUNDLE_IDENTIFIER = me.TopShop;
				PRODUCT_NAME = "$(TARGET_NAME)";
				SWIFT_VERSION = 4.0;
				TARGETED_DEVICE_FAMILY = "1,2";
			};
			name = Debug;
		};
		819758A31FD6ACE100D802F2 /* Release */ = {
			isa = XCBuildConfiguration;
			baseConfigurationReference = 1FD57B2DE786078032E1C2BC /* Pods-TopShop.release.xcconfig */;
			buildSettings = {
				ASSETCATALOG_COMPILER_APPICON_NAME = AppIcon;
				CODE_SIGN_STYLE = Automatic;
				INFOPLIST_FILE = TopShop/Info.plist;
				LD_RUNPATH_SEARCH_PATHS = "$(inherited) @executable_path/Frameworks";
				PRODUCT_BUNDLE_IDENTIFIER = me.TopShop;
				PRODUCT_NAME = "$(TARGET_NAME)";
				SWIFT_VERSION = 4.0;
				TARGETED_DEVICE_FAMILY = "1,2";
			};
			name = Release;
		};
/* End XCBuildConfiguration section */

/* Begin XCConfigurationList section */
		8197588A1FD6ACE100D802F2 /* Build configuration list for PBXProject "TopShop" */ = {
			isa = XCConfigurationList;
			buildConfigurations = (
				8197589F1FD6ACE100D802F2 /* Debug */,
				819758A01FD6ACE100D802F2 /* Release */,
			);
			defaultConfigurationIsVisible = 0;
			defaultConfigurationName = Release;
		};
		819758A11FD6ACE100D802F2 /* Build configuration list for PBXNativeTarget "TopShop" */ = {
			isa = XCConfigurationList;
			buildConfigurations = (
				819758A21FD6ACE100D802F2 /* Debug */,
				819758A31FD6ACE100D802F2 /* Release */,
			);
			defaultConfigurationIsVisible = 0;
			defaultConfigurationName = Release;
		};
/* End XCConfigurationList section */

/* Begin XCVersionGroup section */
		819758D21FD99C5E00D802F2 /* topShop.xcdatamodeld */ = {
			isa = XCVersionGroup;
			children = (
				819758D31FD99C5E00D802F2 /* topShop.xcdatamodel */,
			);
			currentVersion = 819758D31FD99C5E00D802F2 /* topShop.xcdatamodel */;
			path = topShop.xcdatamodeld;
			sourceTree = "<group>";
			versionGroupType = wrapper.xcdatamodel;
		};
/* End XCVersionGroup section */
	};
	rootObject = 819758871FD6ACE100D802F2 /* Project object */;
}
